{
  "originHash" : "8a149784ef7da8a246d2a61abe16f12de35038d59b9f5f1a2613b718733ecca8",
  "pins" : [
    {
      "identity" : "adaptysdk-ios",
      "kind" : "remoteSourceControl",
      "location" : "https://github.com/adaptyteam/AdaptySDK-iOS",
      "state" : {
        "revision" : "d24551bfad85be6d97d3c350a14d6c519b14ae42",
        "version" : "3.0.3"
      }
    },
    {
      "identity" : "r.swift",
      "kind" : "remoteSourceControl",
      "location" : "https://github.com/mac-cain13/R.swift",
      "state" : {
        "revision" : "4ac2eb7e6157887c9f59dc5ccc5978d51546be6d",
        "version" : "7.7.0"
      }
    },
    {
      "identity" : "rxdatasources",
      "kind" : "remoteSourceControl",
      "location" : "https://github.com/RxSwiftCommunity/RxDataSources",
      "state" : {
        "revision" : "90c29b48b628479097fe775ed1966d75ac374518",
        "version" : "5.0.2"
      }
    },
    {
      "identity" : "rxswift",
      "kind" : "remoteSourceControl",
      "location" : "https://github.com/ReactiveX/RxSwift",
      "state" : {
        "revision" : "c7c7d2cf50a3211fe2843f76869c698e4e417930",
        "version" : "6.8.0"
      }
    },
    {
      "identity" : "snapkit",
      "kind" : "remoteSourceControl",
      "location" : "https://github.com/SnapKit/SnapKit",
      "state" : {
        "revision" : "2842e6e84e82eb9a8dac0100ca90d9444b0307f4",
        "version" : "5.7.1"
      }
    },
    {
      "identity" : "swift-argument-parser",
      "kind" : "remoteSourceControl",
      "location" : "https://github.com/apple/swift-argument-parser",
      "state" : {
        "revision" : "41982a3656a71c768319979febd796c6fd111d5c",
        "version" : "1.5.0"
      }
    },
    {
      "identity" : "xcodeedit",
      "kind" : "remoteSourceControl",
      "location" : "https://github.com/tomlokhorst/XcodeEdit",
      "state" : {
        "revision" : "017d23f71fa8d025989610db26d548c44cacefae",
        "version" : "2.10.2"
      }
    }
  ],
  "version" : 3
}
