// !$*UTF8*$!
{
	archiveVersion = 1;
	classes = {
	};
	objectVersion = 56;
	objects = {

/* Begin PBXBuildFile section */
		3FD55CC387E6A3E44D6D8DF3 /* Pods_Screen_Mirroring.framework in Frameworks */ = {isa = PBXBuildFile; fileRef = 4698CBBA80A4ECA4A9DDA41C /* Pods_Screen_Mirroring.framework */; };
		840AA79E2C90730400EA65A4 /* UIWindow+Additions.swift in Sources */ = {isa = PBXBuildFile; fileRef = 840AA79D2C90730400EA65A4 /* UIWindow+Additions.swift */; };
		842FC3EC2C97085300CAB045 /* ActionSheet.storyboard in Resources */ = {isa = PBXBuildFile; fileRef = 842FC3EB2C97085300CAB045 /* ActionSheet.storyboard */; };
		84342B9F2C6A5C01003E7EEA /* R.generated.swift in Sources */ = {isa = PBXBuildFile; fileRef = 84342B9E2C6A5C01003E7EEA /* R.generated.swift */; };
		84342BAA2C6A7BCD003E7EEA /* Inter-Black.ttf in Resources */ = {isa = PBXBuildFile; fileRef = 84342BA02C6A7BCD003E7EEA /* Inter-Black.ttf */; };
		84342BAB2C6A7BCD003E7EEA /* Inter-Bold.ttf in Resources */ = {isa = PBXBuildFile; fileRef = 84342BA12C6A7BCD003E7EEA /* Inter-Bold.ttf */; };
		84342BAC2C6A7BCD003E7EEA /* Inter-ExtraBold.ttf in Resources */ = {isa = PBXBuildFile; fileRef = 84342BA22C6A7BCD003E7EEA /* Inter-ExtraBold.ttf */; };
		84342BAD2C6A7BCD003E7EEA /* Inter-ExtraLight.ttf in Resources */ = {isa = PBXBuildFile; fileRef = 84342BA32C6A7BCD003E7EEA /* Inter-ExtraLight.ttf */; };
		84342BAE2C6A7BCD003E7EEA /* Inter-Light.ttf in Resources */ = {isa = PBXBuildFile; fileRef = 84342BA42C6A7BCD003E7EEA /* Inter-Light.ttf */; };
		84342BAF2C6A7BCD003E7EEA /* Inter-Medium.ttf in Resources */ = {isa = PBXBuildFile; fileRef = 84342BA52C6A7BCD003E7EEA /* Inter-Medium.ttf */; };
		84342BB02C6A7BCD003E7EEA /* Inter-Regular.ttf in Resources */ = {isa = PBXBuildFile; fileRef = 84342BA62C6A7BCD003E7EEA /* Inter-Regular.ttf */; };
		84342BB12C6A7BCD003E7EEA /* Inter-SemiBold.ttf in Resources */ = {isa = PBXBuildFile; fileRef = 84342BA72C6A7BCD003E7EEA /* Inter-SemiBold.ttf */; };
		84342BB22C6A7BCD003E7EEA /* Inter-Thin.ttf in Resources */ = {isa = PBXBuildFile; fileRef = 84342BA82C6A7BCD003E7EEA /* Inter-Thin.ttf */; };
		84342BB72C6B559A003E7EEA /* AppReview.swift in Sources */ = {isa = PBXBuildFile; fileRef = 84342BB32C6B559A003E7EEA /* AppReview.swift */; };
		84342BB82C6B559A003E7EEA /* UIViewController.swift in Sources */ = {isa = PBXBuildFile; fileRef = 84342BB42C6B559A003E7EEA /* UIViewController.swift */; };
		84342BBC2C6BAE37003E7EEA /* SettingsViewController.swift in Sources */ = {isa = PBXBuildFile; fileRef = 84342BBA2C6BAE37003E7EEA /* SettingsViewController.swift */; };
		844CF87F2C6D2B01007CE780 /* Haptic.swift in Sources */ = {isa = PBXBuildFile; fileRef = 844CF87E2C6D2B01007CE780 /* Haptic.swift */; };
		84579FA92C78C5A00082E363 /* VideoCastCollectionViewCell.swift in Sources */ = {isa = PBXBuildFile; fileRef = 84579FA82C78C5A00082E363 /* VideoCastCollectionViewCell.swift */; };
		84579FAB2C78C5DC0082E363 /* PhotoCastCollectionViewCell.swift in Sources */ = {isa = PBXBuildFile; fileRef = 84579FAA2C78C5DC0082E363 /* PhotoCastCollectionViewCell.swift */; };
		84579FAD2C78C5E50082E363 /* WebCastCollectionViewCell.swift in Sources */ = {isa = PBXBuildFile; fileRef = 84579FAC2C78C5E50082E363 /* WebCastCollectionViewCell.swift */; };
		84579FAF2C78C5F40082E363 /* FilesCastCollectionViewCell.swift in Sources */ = {isa = PBXBuildFile; fileRef = 84579FAE2C78C5F40082E363 /* FilesCastCollectionViewCell.swift */; };
		84579FB12C78CBDC0082E363 /* CircleProgressBarView.swift in Sources */ = {isa = PBXBuildFile; fileRef = 84579FB02C78CBDC0082E363 /* CircleProgressBarView.swift */; };
		84579FB42C78DC3B0082E363 /* CastCollectionViewExtension.swift in Sources */ = {isa = PBXBuildFile; fileRef = 84579FB32C78DC3B0082E363 /* CastCollectionViewExtension.swift */; };
		84579FB92C78DF630082E363 /* BottomSheetTipsPermitViewController.swift in Sources */ = {isa = PBXBuildFile; fileRef = 84579FB62C78DF630082E363 /* BottomSheetTipsPermitViewController.swift */; };
		8459DD7B2C97082F00CA937B /* Tips.storyboard in Resources */ = {isa = PBXBuildFile; fileRef = 8459DD7A2C97082F00CA937B /* Tips.storyboard */; };
		846FCA172C78E61100B198B0 /* UIButton.swift in Sources */ = {isa = PBXBuildFile; fileRef = 846FCA022C78E61100B198B0 /* UIButton.swift */; };
		846FCA182C78E61100B198B0 /* NetworkConnection.swift in Sources */ = {isa = PBXBuildFile; fileRef = 846FCA032C78E61100B198B0 /* NetworkConnection.swift */; };
		846FCA202C78E61100B198B0 /* UIDevice.swift in Sources */ = {isa = PBXBuildFile; fileRef = 846FCA0B2C78E61100B198B0 /* UIDevice.swift */; };
		848240A82C666542007C6B9A /* AuthorizationStatus.swift in Sources */ = {isa = PBXBuildFile; fileRef = 8482409E2C666542007C6B9A /* AuthorizationStatus.swift */; };
		848240A92C666542007C6B9A /* Helpers.swift in Sources */ = {isa = PBXBuildFile; fileRef = 8482409F2C666542007C6B9A /* Helpers.swift */; };
		8490DA512C66627D00F44433 /* AppDelegate.swift in Sources */ = {isa = PBXBuildFile; fileRef = 8490DA502C66627D00F44433 /* AppDelegate.swift */; };
		8490DA532C66627D00F44433 /* SceneDelegate.swift in Sources */ = {isa = PBXBuildFile; fileRef = 8490DA522C66627D00F44433 /* SceneDelegate.swift */; };
		8490DA552C66627D00F44433 /* FirstViewController.swift in Sources */ = {isa = PBXBuildFile; fileRef = 8490DA542C66627D00F44433 /* FirstViewController.swift */; };
		8490DA582C66627D00F44433 /* Base in Resources */ = {isa = PBXBuildFile; fileRef = 8490DA572C66627D00F44433 /* Base */; };
		8490DA5A2C66627E00F44433 /* Assets.xcassets in Resources */ = {isa = PBXBuildFile; fileRef = 8490DA592C66627E00F44433 /* Assets.xcassets */; };
		8490DA5D2C66627E00F44433 /* Base in Resources */ = {isa = PBXBuildFile; fileRef = 8490DA5C2C66627E00F44433 /* Base */; };
		8490DA682C66627F00F44433 /* Screen_MirroringTests.swift in Sources */ = {isa = PBXBuildFile; fileRef = 8490DA672C66627F00F44433 /* Screen_MirroringTests.swift */; };
		8490DA722C66627F00F44433 /* Screen_MirroringUITests.swift in Sources */ = {isa = PBXBuildFile; fileRef = 8490DA712C66627F00F44433 /* Screen_MirroringUITests.swift */; };
		8490DA742C66627F00F44433 /* Screen_MirroringUITestsLaunchTests.swift in Sources */ = {isa = PBXBuildFile; fileRef = 8490DA732C66627F00F44433 /* Screen_MirroringUITestsLaunchTests.swift */; };
		F315038D2C70892200C0B13A /* AlbumsViewController.swift in Sources */ = {isa = PBXBuildFile; fileRef = F315038C2C70892200C0B13A /* AlbumsViewController.swift */; };
		F315038F2C70894500C0B13A /* MediaViewController.swift in Sources */ = {isa = PBXBuildFile; fileRef = F315038E2C70894500C0B13A /* MediaViewController.swift */; };
		F31503912C708A3100C0B13A /* PhotosViewController.swift in Sources */ = {isa = PBXBuildFile; fileRef = F31503902C708A3100C0B13A /* PhotosViewController.swift */; };
		F31503932C709E7300C0B13A /* BaseViewController.swift in Sources */ = {isa = PBXBuildFile; fileRef = F31503922C709E7300C0B13A /* BaseViewController.swift */; };
		F31503952C70A54F00C0B13A /* NetworkPermissionHelper.swift in Sources */ = {isa = PBXBuildFile; fileRef = F31503942C70A54F00C0B13A /* NetworkPermissionHelper.swift */; };
		F31503992C70AC3300C0B13A /* WebViewController.swift in Sources */ = {isa = PBXBuildFile; fileRef = F31503982C70AC3300C0B13A /* WebViewController.swift */; };
		F315039C2C70B4E300C0B13A /* DocumentsViewerController.swift in Sources */ = {isa = PBXBuildFile; fileRef = F315039B2C70B4E300C0B13A /* DocumentsViewerController.swift */; };
		F315039F2C70D56600C0B13A /* TipsSheetController.swift in Sources */ = {isa = PBXBuildFile; fileRef = F315039E2C70D56600C0B13A /* TipsSheetController.swift */; };
		F343A64A2C958160000258EE /* TicTacToeViewController.swift in Sources */ = {isa = PBXBuildFile; fileRef = F343A6492C958160000258EE /* TicTacToeViewController.swift */; };
		F343A64D2C9583D0000258EE /* TicTacToeModel.swift in Sources */ = {isa = PBXBuildFile; fileRef = F343A64C2C9583D0000258EE /* TicTacToeModel.swift */; };
		F343A64F2C9583E4000258EE /* TicTacToeViewModel.swift in Sources */ = {isa = PBXBuildFile; fileRef = F343A64E2C9583E4000258EE /* TicTacToeViewModel.swift */; };
		F343A6572C9587D2000258EE /* Localizable.strings in Resources */ = {isa = PBXBuildFile; fileRef = F343A6552C9587D2000258EE /* Localizable.strings */; };
		F343A65D2C959464000258EE /* DocumentPickerController.swift in Sources */ = {isa = PBXBuildFile; fileRef = F343A65C2C959464000258EE /* DocumentPickerController.swift */; };
		F343A65F2C95948D000258EE /* CustomToolbarView.swift in Sources */ = {isa = PBXBuildFile; fileRef = F343A65E2C95948D000258EE /* CustomToolbarView.swift */; };
/* End PBXBuildFile section */

/* Begin PBXContainerItemProxy section */
		8490DA642C66627F00F44433 /* PBXContainerItemProxy */ = {
			isa = PBXContainerItemProxy;
			containerPortal = 8490DA452C66627D00F44433 /* Project object */;
			proxyType = 1;
			remoteGlobalIDString = 8490DA4C2C66627D00F44433;
			remoteInfo = "Screen-Mirroring";
		};
		8490DA6E2C66627F00F44433 /* PBXContainerItemProxy */ = {
			isa = PBXContainerItemProxy;
			containerPortal = 8490DA452C66627D00F44433 /* Project object */;
			proxyType = 1;
			remoteGlobalIDString = 8490DA4C2C66627D00F44433;
			remoteInfo = "Screen-Mirroring";
		};
/* End PBXContainerItemProxy section */

/* Begin PBXFileReference section */
		4698CBBA80A4ECA4A9DDA41C /* Pods_Screen_Mirroring.framework */ = {isa = PBXFileReference; explicitFileType = wrapper.framework; includeInIndex = 0; path = Pods_Screen_Mirroring.framework; sourceTree = BUILT_PRODUCTS_DIR; };
		56C4B292A9BB4252A8DF1113 /* Pods-Screen-Mirroring.debug.xcconfig */ = {isa = PBXFileReference; includeInIndex = 1; lastKnownFileType = text.xcconfig; name = "Pods-Screen-Mirroring.debug.xcconfig"; path = "Target Support Files/Pods-Screen-Mirroring/Pods-Screen-Mirroring.debug.xcconfig"; sourceTree = "<group>"; };
		6E5BEDFB942C220B9FADC2E8 /* Pods-Screen-Mirroring.release.xcconfig */ = {isa = PBXFileReference; includeInIndex = 1; lastKnownFileType = text.xcconfig; name = "Pods-Screen-Mirroring.release.xcconfig"; path = "Target Support Files/Pods-Screen-Mirroring/Pods-Screen-Mirroring.release.xcconfig"; sourceTree = "<group>"; };
		840AA79D2C90730400EA65A4 /* UIWindow+Additions.swift */ = {isa = PBXFileReference; fileEncoding = 4; lastKnownFileType = sourcecode.swift; path = "UIWindow+Additions.swift"; sourceTree = "<group>"; };
		842FC3E72C97084400CAB045 /* ru */ = {isa = PBXFileReference; lastKnownFileType = text.plist.strings; name = ru; path = ru.lproj/Tips.strings; sourceTree = "<group>"; };
		842FC3E92C97084600CAB045 /* vi */ = {isa = PBXFileReference; lastKnownFileType = text.plist.strings; name = vi; path = vi.lproj/Tips.strings; sourceTree = "<group>"; };
		842FC3EA2C97085300CAB045 /* Base */ = {isa = PBXFileReference; lastKnownFileType = file.storyboard; name = Base; path = Base.lproj/ActionSheet.storyboard; sourceTree = "<group>"; };
		842FC3EF2C97085700CAB045 /* zh-Hans */ = {isa = PBXFileReference; lastKnownFileType = text.plist.strings; name = "zh-Hans"; path = "zh-Hans.lproj/ActionSheet.strings"; sourceTree = "<group>"; };
		842FC3F12C97085800CAB045 /* ja */ = {isa = PBXFileReference; lastKnownFileType = text.plist.strings; name = ja; path = ja.lproj/ActionSheet.strings; sourceTree = "<group>"; };
		842FC3F32C97085900CAB045 /* ru */ = {isa = PBXFileReference; lastKnownFileType = text.plist.strings; name = ru; path = ru.lproj/ActionSheet.strings; sourceTree = "<group>"; };
		842FC3F52C97085A00CAB045 /* vi */ = {isa = PBXFileReference; lastKnownFileType = text.plist.strings; name = vi; path = vi.lproj/ActionSheet.strings; sourceTree = "<group>"; };
		84342B9E2C6A5C01003E7EEA /* R.generated.swift */ = {isa = PBXFileReference; fileEncoding = 4; lastKnownFileType = sourcecode.swift; path = R.generated.swift; sourceTree = SOURCE_ROOT; };
		84342BA02C6A7BCD003E7EEA /* Inter-Black.ttf */ = {isa = PBXFileReference; lastKnownFileType = file; path = "Inter-Black.ttf"; sourceTree = "<group>"; };
		84342BA12C6A7BCD003E7EEA /* Inter-Bold.ttf */ = {isa = PBXFileReference; lastKnownFileType = file; path = "Inter-Bold.ttf"; sourceTree = "<group>"; };
		84342BA22C6A7BCD003E7EEA /* Inter-ExtraBold.ttf */ = {isa = PBXFileReference; lastKnownFileType = file; path = "Inter-ExtraBold.ttf"; sourceTree = "<group>"; };
		84342BA32C6A7BCD003E7EEA /* Inter-ExtraLight.ttf */ = {isa = PBXFileReference; lastKnownFileType = file; path = "Inter-ExtraLight.ttf"; sourceTree = "<group>"; };
		84342BA42C6A7BCD003E7EEA /* Inter-Light.ttf */ = {isa = PBXFileReference; lastKnownFileType = file; path = "Inter-Light.ttf"; sourceTree = "<group>"; };
		84342BA52C6A7BCD003E7EEA /* Inter-Medium.ttf */ = {isa = PBXFileReference; lastKnownFileType = file; path = "Inter-Medium.ttf"; sourceTree = "<group>"; };
		84342BA62C6A7BCD003E7EEA /* Inter-Regular.ttf */ = {isa = PBXFileReference; lastKnownFileType = file; path = "Inter-Regular.ttf"; sourceTree = "<group>"; };
		84342BA72C6A7BCD003E7EEA /* Inter-SemiBold.ttf */ = {isa = PBXFileReference; lastKnownFileType = file; path = "Inter-SemiBold.ttf"; sourceTree = "<group>"; };
		84342BA82C6A7BCD003E7EEA /* Inter-Thin.ttf */ = {isa = PBXFileReference; lastKnownFileType = file; path = "Inter-Thin.ttf"; sourceTree = "<group>"; };
		84342BB32C6B559A003E7EEA /* AppReview.swift */ = {isa = PBXFileReference; fileEncoding = 4; lastKnownFileType = sourcecode.swift; path = AppReview.swift; sourceTree = "<group>"; };
		84342BB42C6B559A003E7EEA /* UIViewController.swift */ = {isa = PBXFileReference; fileEncoding = 4; lastKnownFileType = sourcecode.swift; path = UIViewController.swift; sourceTree = "<group>"; };
		84342BBA2C6BAE37003E7EEA /* SettingsViewController.swift */ = {isa = PBXFileReference; fileEncoding = 4; lastKnownFileType = sourcecode.swift; path = SettingsViewController.swift; sourceTree = "<group>"; };
		844CF87E2C6D2B01007CE780 /* Haptic.swift */ = {isa = PBXFileReference; fileEncoding = 4; lastKnownFileType = sourcecode.swift; path = Haptic.swift; sourceTree = "<group>"; };
		84579FA82C78C5A00082E363 /* VideoCastCollectionViewCell.swift */ = {isa = PBXFileReference; lastKnownFileType = sourcecode.swift; path = VideoCastCollectionViewCell.swift; sourceTree = "<group>"; };
		84579FAA2C78C5DC0082E363 /* PhotoCastCollectionViewCell.swift */ = {isa = PBXFileReference; lastKnownFileType = sourcecode.swift; path = PhotoCastCollectionViewCell.swift; sourceTree = "<group>"; };
		84579FAC2C78C5E50082E363 /* WebCastCollectionViewCell.swift */ = {isa = PBXFileReference; lastKnownFileType = sourcecode.swift; path = WebCastCollectionViewCell.swift; sourceTree = "<group>"; };
		84579FAE2C78C5F40082E363 /* FilesCastCollectionViewCell.swift */ = {isa = PBXFileReference; lastKnownFileType = sourcecode.swift; path = FilesCastCollectionViewCell.swift; sourceTree = "<group>"; };
		84579FB02C78CBDC0082E363 /* CircleProgressBarView.swift */ = {isa = PBXFileReference; lastKnownFileType = sourcecode.swift; path = CircleProgressBarView.swift; sourceTree = "<group>"; };
		84579FB32C78DC3B0082E363 /* CastCollectionViewExtension.swift */ = {isa = PBXFileReference; lastKnownFileType = sourcecode.swift; path = CastCollectionViewExtension.swift; sourceTree = "<group>"; };
		84579FB62C78DF630082E363 /* BottomSheetTipsPermitViewController.swift */ = {isa = PBXFileReference; fileEncoding = 4; lastKnownFileType = sourcecode.swift; path = BottomSheetTipsPermitViewController.swift; sourceTree = "<group>"; };
		8459DD722C97081A00CA937B /* zh-Hans */ = {isa = PBXFileReference; lastKnownFileType = text.plist.strings; name = "zh-Hans"; path = "zh-Hans.lproj/First.strings"; sourceTree = "<group>"; };
		8459DD742C97081B00CA937B /* ja */ = {isa = PBXFileReference; lastKnownFileType = text.plist.strings; name = ja; path = ja.lproj/First.strings; sourceTree = "<group>"; };
		8459DD762C97081C00CA937B /* ru */ = {isa = PBXFileReference; lastKnownFileType = text.plist.strings; name = ru; path = ru.lproj/First.strings; sourceTree = "<group>"; };
		8459DD782C97081D00CA937B /* vi */ = {isa = PBXFileReference; lastKnownFileType = text.plist.strings; name = vi; path = vi.lproj/First.strings; sourceTree = "<group>"; };
		8459DD792C97082F00CA937B /* Base */ = {isa = PBXFileReference; lastKnownFileType = file.storyboard; name = Base; path = Base.lproj/Tips.storyboard; sourceTree = "<group>"; };
		8459DD7E2C97083800CA937B /* zh-Hans */ = {isa = PBXFileReference; lastKnownFileType = text.plist.strings; name = "zh-Hans"; path = "zh-Hans.lproj/Tips.strings"; sourceTree = "<group>"; };
		8459DD802C97083900CA937B /* ja */ = {isa = PBXFileReference; lastKnownFileType = text.plist.strings; name = ja; path = ja.lproj/Tips.strings; sourceTree = "<group>"; };
		846FCA022C78E61100B198B0 /* UIButton.swift */ = {isa = PBXFileReference; fileEncoding = 4; lastKnownFileType = sourcecode.swift; path = UIButton.swift; sourceTree = "<group>"; };
		846FCA032C78E61100B198B0 /* NetworkConnection.swift */ = {isa = PBXFileReference; fileEncoding = 4; lastKnownFileType = sourcecode.swift; path = NetworkConnection.swift; sourceTree = "<group>"; };
		846FCA0B2C78E61100B198B0 /* UIDevice.swift */ = {isa = PBXFileReference; fileEncoding = 4; lastKnownFileType = sourcecode.swift; path = UIDevice.swift; sourceTree = "<group>"; };
		8482409E2C666542007C6B9A /* AuthorizationStatus.swift */ = {isa = PBXFileReference; fileEncoding = 4; lastKnownFileType = sourcecode.swift; path = AuthorizationStatus.swift; sourceTree = "<group>"; };
		8482409F2C666542007C6B9A /* Helpers.swift */ = {isa = PBXFileReference; fileEncoding = 4; lastKnownFileType = sourcecode.swift; path = Helpers.swift; sourceTree = "<group>"; };
		8490DA4D2C66627D00F44433 /* Screen-Mirroring.app */ = {isa = PBXFileReference; explicitFileType = wrapper.application; includeInIndex = 0; path = "Screen-Mirroring.app"; sourceTree = BUILT_PRODUCTS_DIR; };
		8490DA502C66627D00F44433 /* AppDelegate.swift */ = {isa = PBXFileReference; lastKnownFileType = sourcecode.swift; path = AppDelegate.swift; sourceTree = "<group>"; };
		8490DA522C66627D00F44433 /* SceneDelegate.swift */ = {isa = PBXFileReference; lastKnownFileType = sourcecode.swift; path = SceneDelegate.swift; sourceTree = "<group>"; };
		8490DA542C66627D00F44433 /* FirstViewController.swift */ = {isa = PBXFileReference; lastKnownFileType = sourcecode.swift; path = FirstViewController.swift; sourceTree = "<group>"; };
		8490DA572C66627D00F44433 /* Base */ = {isa = PBXFileReference; lastKnownFileType = file.storyboard; name = Base; path = Base.lproj/First.storyboard; sourceTree = "<group>"; };
		8490DA592C66627E00F44433 /* Assets.xcassets */ = {isa = PBXFileReference; lastKnownFileType = folder.assetcatalog; path = Assets.xcassets; sourceTree = "<group>"; };
		8490DA5C2C66627E00F44433 /* Base */ = {isa = PBXFileReference; lastKnownFileType = file.storyboard; name = Base; path = Base.lproj/LaunchScreen.storyboard; sourceTree = "<group>"; };
		8490DA5E2C66627E00F44433 /* Info.plist */ = {isa = PBXFileReference; lastKnownFileType = text.plist.xml; path = Info.plist; sourceTree = "<group>"; };
		8490DA632C66627F00F44433 /* Screen-MirroringTests.xctest */ = {isa = PBXFileReference; explicitFileType = wrapper.cfbundle; includeInIndex = 0; path = "Screen-MirroringTests.xctest"; sourceTree = BUILT_PRODUCTS_DIR; };
		8490DA672C66627F00F44433 /* Screen_MirroringTests.swift */ = {isa = PBXFileReference; lastKnownFileType = sourcecode.swift; path = Screen_MirroringTests.swift; sourceTree = "<group>"; };
		8490DA6D2C66627F00F44433 /* Screen-MirroringUITests.xctest */ = {isa = PBXFileReference; explicitFileType = wrapper.cfbundle; includeInIndex = 0; path = "Screen-MirroringUITests.xctest"; sourceTree = BUILT_PRODUCTS_DIR; };
		8490DA712C66627F00F44433 /* Screen_MirroringUITests.swift */ = {isa = PBXFileReference; lastKnownFileType = sourcecode.swift; path = Screen_MirroringUITests.swift; sourceTree = "<group>"; };
		8490DA732C66627F00F44433 /* Screen_MirroringUITestsLaunchTests.swift */ = {isa = PBXFileReference; lastKnownFileType = sourcecode.swift; path = Screen_MirroringUITestsLaunchTests.swift; sourceTree = "<group>"; };
		F315038C2C70892200C0B13A /* AlbumsViewController.swift */ = {isa = PBXFileReference; lastKnownFileType = sourcecode.swift; path = AlbumsViewController.swift; sourceTree = "<group>"; };
		F315038E2C70894500C0B13A /* MediaViewController.swift */ = {isa = PBXFileReference; lastKnownFileType = sourcecode.swift; path = MediaViewController.swift; sourceTree = "<group>"; };
		F31503902C708A3100C0B13A /* PhotosViewController.swift */ = {isa = PBXFileReference; lastKnownFileType = sourcecode.swift; path = PhotosViewController.swift; sourceTree = "<group>"; };
		F31503922C709E7300C0B13A /* BaseViewController.swift */ = {isa = PBXFileReference; lastKnownFileType = sourcecode.swift; path = BaseViewController.swift; sourceTree = "<group>"; };
		F31503942C70A54F00C0B13A /* NetworkPermissionHelper.swift */ = {isa = PBXFileReference; lastKnownFileType = sourcecode.swift; path = NetworkPermissionHelper.swift; sourceTree = "<group>"; };
		F31503982C70AC3300C0B13A /* WebViewController.swift */ = {isa = PBXFileReference; lastKnownFileType = sourcecode.swift; path = WebViewController.swift; sourceTree = "<group>"; };
		F315039B2C70B4E300C0B13A /* DocumentsViewerController.swift */ = {isa = PBXFileReference; lastKnownFileType = sourcecode.swift; path = DocumentsViewerController.swift; sourceTree = "<group>"; };
		F315039E2C70D56600C0B13A /* TipsSheetController.swift */ = {isa = PBXFileReference; lastKnownFileType = sourcecode.swift; path = TipsSheetController.swift; sourceTree = "<group>"; };
		F343A6492C958160000258EE /* TicTacToeViewController.swift */ = {isa = PBXFileReference; lastKnownFileType = sourcecode.swift; path = TicTacToeViewController.swift; sourceTree = "<group>"; };
		F343A64C2C9583D0000258EE /* TicTacToeModel.swift */ = {isa = PBXFileReference; lastKnownFileType = sourcecode.swift; path = TicTacToeModel.swift; sourceTree = "<group>"; };
		F343A64E2C9583E4000258EE /* TicTacToeViewModel.swift */ = {isa = PBXFileReference; lastKnownFileType = sourcecode.swift; path = TicTacToeViewModel.swift; sourceTree = "<group>"; };
		F343A6562C9587D2000258EE /* en */ = {isa = PBXFileReference; lastKnownFileType = text.plist.strings; name = en; path = en.lproj/Localizable.strings; sourceTree = "<group>"; };
		F343A6582C9590AC000258EE /* ru */ = {isa = PBXFileReference; lastKnownFileType = text.plist.strings; name = ru; path = ru.lproj/Localizable.strings; sourceTree = "<group>"; };
		F343A6592C95936E000258EE /* ja */ = {isa = PBXFileReference; lastKnownFileType = text.plist.strings; name = ja; path = ja.lproj/Localizable.strings; sourceTree = "<group>"; };
		F343A65A2C959396000258EE /* zh-Hans */ = {isa = PBXFileReference; lastKnownFileType = text.plist.strings; name = "zh-Hans"; path = "zh-Hans.lproj/Localizable.strings"; sourceTree = "<group>"; };
		F343A65B2C9593DB000258EE /* vi */ = {isa = PBXFileReference; lastKnownFileType = text.plist.strings; name = vi; path = vi.lproj/Localizable.strings; sourceTree = "<group>"; };
		F343A65C2C959464000258EE /* DocumentPickerController.swift */ = {isa = PBXFileReference; lastKnownFileType = sourcecode.swift; path = DocumentPickerController.swift; sourceTree = "<group>"; };
		F343A65E2C95948D000258EE /* CustomToolbarView.swift */ = {isa = PBXFileReference; lastKnownFileType = sourcecode.swift; path = CustomToolbarView.swift; sourceTree = "<group>"; };
/* End PBXFileReference section */

/* Begin PBXFrameworksBuildPhase section */
		8490DA4A2C66627D00F44433 /* Frameworks */ = {
			isa = PBXFrameworksBuildPhase;
			buildActionMask = 2147483647;
			files = (
				3FD55CC387E6A3E44D6D8DF3 /* Pods_Screen_Mirroring.framework in Frameworks */,
			);
			runOnlyForDeploymentPostprocessing = 0;
		};
		8490DA602C66627F00F44433 /* Frameworks */ = {
			isa = PBXFrameworksBuildPhase;
			buildActionMask = 2147483647;
			files = (
			);
			runOnlyForDeploymentPostprocessing = 0;
		};
		8490DA6A2C66627F00F44433 /* Frameworks */ = {
			isa = PBXFrameworksBuildPhase;
			buildActionMask = 2147483647;
			files = (
			);
			runOnlyForDeploymentPostprocessing = 0;
		};
/* End PBXFrameworksBuildPhase section */

/* Begin PBXGroup section */
		005D89DB52FDA7F0B567D7B4 /* Frameworks */ = {
			isa = PBXGroup;
			children = (
				4698CBBA80A4ECA4A9DDA41C /* Pods_Screen_Mirroring.framework */,
			);
			name = Frameworks;
			sourceTree = "<group>";
		};
		295A5CF219DA0D9C466A1260 /* Pods */ = {
			isa = PBXGroup;
			children = (
				56C4B292A9BB4252A8DF1113 /* Pods-Screen-Mirroring.debug.xcconfig */,
				6E5BEDFB942C220B9FADC2E8 /* Pods-Screen-Mirroring.release.xcconfig */,
			);
			path = Pods;
			sourceTree = "<group>";
		};
		84342BA92C6A7BCD003E7EEA /* fonts */ = {
			isa = PBXGroup;
			children = (
				84342BA02C6A7BCD003E7EEA /* Inter-Black.ttf */,
				84342BA12C6A7BCD003E7EEA /* Inter-Bold.ttf */,
				84342BA22C6A7BCD003E7EEA /* Inter-ExtraBold.ttf */,
				84342BA32C6A7BCD003E7EEA /* Inter-ExtraLight.ttf */,
				84342BA42C6A7BCD003E7EEA /* Inter-Light.ttf */,
				84342BA52C6A7BCD003E7EEA /* Inter-Medium.ttf */,
				84342BA62C6A7BCD003E7EEA /* Inter-Regular.ttf */,
				84342BA72C6A7BCD003E7EEA /* Inter-SemiBold.ttf */,
				84342BA82C6A7BCD003E7EEA /* Inter-Thin.ttf */,
			);
			path = fonts;
			sourceTree = "<group>";
		};
		84342BB62C6B559A003E7EEA /* Extension */ = {
			isa = PBXGroup;
			children = (
				84579FB02C78CBDC0082E363 /* CircleProgressBarView.swift */,
				84342BB32C6B559A003E7EEA /* AppReview.swift */,
				84342BB42C6B559A003E7EEA /* UIViewController.swift */,
				846FCA032C78E61100B198B0 /* NetworkConnection.swift */,
				846FCA022C78E61100B198B0 /* UIButton.swift */,
				846FCA0B2C78E61100B198B0 /* UIDevice.swift */,
				840AA79D2C90730400EA65A4 /* UIWindow+Additions.swift */,
			);
			path = Extension;
			sourceTree = "<group>";
		};
		84342BBB2C6BAE37003E7EEA /* Settings */ = {
			isa = PBXGroup;
			children = (
				84342BBA2C6BAE37003E7EEA /* SettingsViewController.swift */,
			);
			path = Settings;
			sourceTree = "<group>";
		};
		84579FB22C78DBF80082E363 /* CastCollectionCell */ = {
			isa = PBXGroup;
			children = (
				84579FA82C78C5A00082E363 /* VideoCastCollectionViewCell.swift */,
				84579FAA2C78C5DC0082E363 /* PhotoCastCollectionViewCell.swift */,
				84579FAC2C78C5E50082E363 /* WebCastCollectionViewCell.swift */,
				84579FAE2C78C5F40082E363 /* FilesCastCollectionViewCell.swift */,
			);
			path = CastCollectionCell;
			sourceTree = "<group>";
		};
		84579FB72C78DF630082E363 /* BottomSheetPermit */ = {
			isa = PBXGroup;
			children = (
				842FC3EB2C97085300CAB045 /* ActionSheet.storyboard */,
				84579FB62C78DF630082E363 /* BottomSheetTipsPermitViewController.swift */,
			);
			path = BottomSheetPermit;
			sourceTree = "<group>";
		};
		848240A42C666542007C6B9A /* Utils */ = {
			isa = PBXGroup;
			children = (
				8482409E2C666542007C6B9A /* AuthorizationStatus.swift */,
				F31503942C70A54F00C0B13A /* NetworkPermissionHelper.swift */,
				8482409F2C666542007C6B9A /* Helpers.swift */,
				844CF87E2C6D2B01007CE780 /* Haptic.swift */,
			);
			path = Utils;
			sourceTree = "<group>";
		};
		8490DA442C66627D00F44433 = {
			isa = PBXGroup;
			children = (
				8490DA4F2C66627D00F44433 /* Screen-Mirroring */,
				8490DA662C66627F00F44433 /* Screen-MirroringTests */,
				8490DA702C66627F00F44433 /* Screen-MirroringUITests */,
				8490DA4E2C66627D00F44433 /* Products */,
				295A5CF219DA0D9C466A1260 /* Pods */,
				005D89DB52FDA7F0B567D7B4 /* Frameworks */,
			);
			sourceTree = "<group>";
		};
		8490DA4E2C66627D00F44433 /* Products */ = {
			isa = PBXGroup;
			children = (
				8490DA4D2C66627D00F44433 /* Screen-Mirroring.app */,
				8490DA632C66627F00F44433 /* Screen-MirroringTests.xctest */,
				8490DA6D2C66627F00F44433 /* Screen-MirroringUITests.xctest */,
			);
			name = Products;
			sourceTree = "<group>";
		};
		8490DA4F2C66627D00F44433 /* Screen-Mirroring */ = {
			isa = PBXGroup;
			children = (
				F343A6482C95814E000258EE /* MiniGames */,
				84E0B7102C6D1F2600DFEC74 /* First */,
				F315039D2C70D55600C0B13A /* Tips */,
				F315038B2C70890C00C0B13A /* GalleryPicker */,
				F315039A2C70B40D00C0B13A /* DocumentPicker */,
				F31503972C70AC1E00C0B13A /* WebMirror */,
				84342BBB2C6BAE37003E7EEA /* Settings */,
				84579FB72C78DF630082E363 /* BottomSheetPermit */,
				8490DA502C66627D00F44433 /* AppDelegate.swift */,
				8490DA522C66627D00F44433 /* SceneDelegate.swift */,
				8490DA592C66627E00F44433 /* Assets.xcassets */,
				8490DA5B2C66627E00F44433 /* LaunchScreen.storyboard */,
				84342BB62C6B559A003E7EEA /* Extension */,
				848240A42C666542007C6B9A /* Utils */,
				8490DA5E2C66627E00F44433 /* Info.plist */,
				84342B9E2C6A5C01003E7EEA /* R.generated.swift */,
				84342BA92C6A7BCD003E7EEA /* fonts */,
				F343A6552C9587D2000258EE /* Localizable.strings */,
			);
			path = "Screen-Mirroring";
			sourceTree = "<group>";
		};
		8490DA662C66627F00F44433 /* Screen-MirroringTests */ = {
			isa = PBXGroup;
			children = (
				8490DA672C66627F00F44433 /* Screen_MirroringTests.swift */,
			);
			path = "Screen-MirroringTests";
			sourceTree = "<group>";
		};
		8490DA702C66627F00F44433 /* Screen-MirroringUITests */ = {
			isa = PBXGroup;
			children = (
				8490DA712C66627F00F44433 /* Screen_MirroringUITests.swift */,
				8490DA732C66627F00F44433 /* Screen_MirroringUITestsLaunchTests.swift */,
			);
			path = "Screen-MirroringUITests";
			sourceTree = "<group>";
		};
		84E0B7102C6D1F2600DFEC74 /* First */ = {
			isa = PBXGroup;
			children = (
				8490DA542C66627D00F44433 /* FirstViewController.swift */,
				84579FB32C78DC3B0082E363 /* CastCollectionViewExtension.swift */,
				8490DA562C66627D00F44433 /* First.storyboard */,
				84579FB22C78DBF80082E363 /* CastCollectionCell */,
			);
			path = First;
			sourceTree = "<group>";
		};
		F315038B2C70890C00C0B13A /* GalleryPicker */ = {
			isa = PBXGroup;
			children = (
				F315038C2C70892200C0B13A /* AlbumsViewController.swift */,
				F315038E2C70894500C0B13A /* MediaViewController.swift */,
				F31503902C708A3100C0B13A /* PhotosViewController.swift */,
				F31503922C709E7300C0B13A /* BaseViewController.swift */,
			);
			path = GalleryPicker;
			sourceTree = "<group>";
		};
		F31503972C70AC1E00C0B13A /* WebMirror */ = {
			isa = PBXGroup;
			children = (
				F31503982C70AC3300C0B13A /* WebViewController.swift */,
				F343A65E2C95948D000258EE /* CustomToolbarView.swift */,
			);
			path = WebMirror;
			sourceTree = "<group>";
		};
		F315039A2C70B40D00C0B13A /* DocumentPicker */ = {
			isa = PBXGroup;
			children = (
				F315039B2C70B4E300C0B13A /* DocumentsViewerController.swift */,
				F343A65C2C959464000258EE /* DocumentPickerController.swift */,
			);
			path = DocumentPicker;
			sourceTree = "<group>";
		};
		F315039D2C70D55600C0B13A /* Tips */ = {
			isa = PBXGroup;
			children = (
				F315039E2C70D56600C0B13A /* TipsSheetController.swift */,
				8459DD7A2C97082F00CA937B /* Tips.storyboard */,
			);
			path = Tips;
			sourceTree = "<group>";
		};
		F343A6482C95814E000258EE /* MiniGames */ = {
			isa = PBXGroup;
			children = (
				F343A64B2C9583C3000258EE /* TicTacToe */,
			);
			path = MiniGames;
			sourceTree = "<group>";
		};
		F343A64B2C9583C3000258EE /* TicTacToe */ = {
			isa = PBXGroup;
			children = (
				F343A64C2C9583D0000258EE /* TicTacToeModel.swift */,
				F343A64E2C9583E4000258EE /* TicTacToeViewModel.swift */,
				F343A6492C958160000258EE /* TicTacToeViewController.swift */,
			);
			path = TicTacToe;
			sourceTree = "<group>";
		};
/* End PBXGroup section */

/* Begin PBXNativeTarget section */
		8490DA4C2C66627D00F44433 /* Screen-Mirroring */ = {
			isa = PBXNativeTarget;
			buildConfigurationList = 8490DA772C66627F00F44433 /* Build configuration list for PBXNativeTarget "Screen-Mirroring" */;
			buildPhases = (
				2838CED2DE7A6E264562D96D /* [CP] Check Pods Manifest.lock */,
				84342B9D2C6A5BAE003E7EEA /* ShellScript */,
				8490DA492C66627D00F44433 /* Sources */,
				8490DA4A2C66627D00F44433 /* Frameworks */,
				8490DA4B2C66627D00F44433 /* Resources */,
				757E95F809A45AF3B36FA3C7 /* [CP] Embed Pods Frameworks */,
			);
			buildRules = (
			);
			dependencies = (
			);
			name = "Screen-Mirroring";
			productName = "Screen-Mirroring";
			productReference = 8490DA4D2C66627D00F44433 /* Screen-Mirroring.app */;
			productType = "com.apple.product-type.application";
		};
		8490DA622C66627F00F44433 /* Screen-MirroringTests */ = {
			isa = PBXNativeTarget;
			buildConfigurationList = 8490DA7A2C66627F00F44433 /* Build configuration list for PBXNativeTarget "Screen-MirroringTests" */;
			buildPhases = (
				8490DA5F2C66627F00F44433 /* Sources */,
				8490DA602C66627F00F44433 /* Frameworks */,
				8490DA612C66627F00F44433 /* Resources */,
			);
			buildRules = (
			);
			dependencies = (
				8490DA652C66627F00F44433 /* PBXTargetDependency */,
			);
			name = "Screen-MirroringTests";
			productName = "Screen-MirroringTests";
			productReference = 8490DA632C66627F00F44433 /* Screen-MirroringTests.xctest */;
			productType = "com.apple.product-type.bundle.unit-test";
		};
		8490DA6C2C66627F00F44433 /* Screen-MirroringUITests */ = {
			isa = PBXNativeTarget;
			buildConfigurationList = 8490DA7D2C66627F00F44433 /* Build configuration list for PBXNativeTarget "Screen-MirroringUITests" */;
			buildPhases = (
				8490DA692C66627F00F44433 /* Sources */,
				8490DA6A2C66627F00F44433 /* Frameworks */,
				8490DA6B2C66627F00F44433 /* Resources */,
			);
			buildRules = (
			);
			dependencies = (
				8490DA6F2C66627F00F44433 /* PBXTargetDependency */,
			);
			name = "Screen-MirroringUITests";
			productName = "Screen-MirroringUITests";
			productReference = 8490DA6D2C66627F00F44433 /* Screen-MirroringUITests.xctest */;
			productType = "com.apple.product-type.bundle.ui-testing";
		};
/* End PBXNativeTarget section */

/* Begin PBXProject section */
		8490DA452C66627D00F44433 /* Project object */ = {
			isa = PBXProject;
			attributes = {
				BuildIndependentTargetsInParallel = 1;
				LastSwiftUpdateCheck = 1540;
				LastUpgradeCheck = 1540;
				TargetAttributes = {
					8490DA4C2C66627D00F44433 = {
						CreatedOnToolsVersion = 15.4;
					};
					8490DA622C66627F00F44433 = {
						CreatedOnToolsVersion = 15.4;
						TestTargetID = 8490DA4C2C66627D00F44433;
					};
					8490DA6C2C66627F00F44433 = {
						CreatedOnToolsVersion = 15.4;
						TestTargetID = 8490DA4C2C66627D00F44433;
					};
				};
			};
			buildConfigurationList = 8490DA482C66627D00F44433 /* Build configuration list for PBXProject "Screen-Mirroring" */;
			compatibilityVersion = "Xcode 14.0";
			developmentRegion = en;
			hasScannedForEncodings = 0;
			knownRegions = (
				en,
				Base,
				ru,
				ja,
				"zh-Hans",
				vi,
			);
			mainGroup = 8490DA442C66627D00F44433;
			productRefGroup = 8490DA4E2C66627D00F44433 /* Products */;
			projectDirPath = "";
			projectRoot = "";
			targets = (
				8490DA4C2C66627D00F44433 /* Screen-Mirroring */,
				8490DA622C66627F00F44433 /* Screen-MirroringTests */,
				8490DA6C2C66627F00F44433 /* Screen-MirroringUITests */,
			);
		};
/* End PBXProject section */

/* Begin PBXResourcesBuildPhase section */
		8490DA4B2C66627D00F44433 /* Resources */ = {
			isa = PBXResourcesBuildPhase;
			buildActionMask = 2147483647;
			files = (
				84342BB12C6A7BCD003E7EEA /* Inter-SemiBold.ttf in Resources */,
				84342BAB2C6A7BCD003E7EEA /* Inter-Bold.ttf in Resources */,
				84342BAE2C6A7BCD003E7EEA /* Inter-Light.ttf in Resources */,
				8490DA5A2C66627E00F44433 /* Assets.xcassets in Resources */,
				8459DD7B2C97082F00CA937B /* Tips.storyboard in Resources */,
				84342BAD2C6A7BCD003E7EEA /* Inter-ExtraLight.ttf in Resources */,
				84342BAC2C6A7BCD003E7EEA /* Inter-ExtraBold.ttf in Resources */,
				842FC3EC2C97085300CAB045 /* ActionSheet.storyboard in Resources */,
				84342BAA2C6A7BCD003E7EEA /* Inter-Black.ttf in Resources */,
				8490DA5D2C66627E00F44433 /* Base in Resources */,
				F343A6572C9587D2000258EE /* Localizable.strings in Resources */,
				84342BB02C6A7BCD003E7EEA /* Inter-Regular.ttf in Resources */,
				84342BAF2C6A7BCD003E7EEA /* Inter-Medium.ttf in Resources */,
				8490DA582C66627D00F44433 /* Base in Resources */,
				84342BB22C6A7BCD003E7EEA /* Inter-Thin.ttf in Resources */,
			);
			runOnlyForDeploymentPostprocessing = 0;
		};
		8490DA612C66627F00F44433 /* Resources */ = {
			isa = PBXResourcesBuildPhase;
			buildActionMask = 2147483647;
			files = (
			);
			runOnlyForDeploymentPostprocessing = 0;
		};
		8490DA6B2C66627F00F44433 /* Resources */ = {
			isa = PBXResourcesBuildPhase;
			buildActionMask = 2147483647;
			files = (
			);
			runOnlyForDeploymentPostprocessing = 0;
		};
/* End PBXResourcesBuildPhase section */

/* Begin PBXShellScriptBuildPhase section */
		2838CED2DE7A6E264562D96D /* [CP] Check Pods Manifest.lock */ = {
			isa = PBXShellScriptBuildPhase;
			buildActionMask = 2147483647;
			files = (
			);
			inputFileListPaths = (
			);
			inputPaths = (
				"${PODS_PODFILE_DIR_PATH}/Podfile.lock",
				"${PODS_ROOT}/Manifest.lock",
			);
			name = "[CP] Check Pods Manifest.lock";
			outputFileListPaths = (
			);
			outputPaths = (
				"$(DERIVED_FILE_DIR)/Pods-Screen-Mirroring-checkManifestLockResult.txt",
			);
			runOnlyForDeploymentPostprocessing = 0;
			shellPath = /bin/sh;
			shellScript = "diff \"${PODS_PODFILE_DIR_PATH}/Podfile.lock\" \"${PODS_ROOT}/Manifest.lock\" > /dev/null\nif [ $? != 0 ] ; then\n    # print error to STDERR\n    echo \"error: The sandbox is not in sync with the Podfile.lock. Run 'pod install' or update your CocoaPods installation.\" >&2\n    exit 1\nfi\n# This output is used by Xcode 'outputs' to avoid re-running this script phase.\necho \"SUCCESS\" > \"${SCRIPT_OUTPUT_FILE_0}\"\n";
			showEnvVarsInLog = 0;
		};
		757E95F809A45AF3B36FA3C7 /* [CP] Embed Pods Frameworks */ = {
			isa = PBXShellScriptBuildPhase;
			buildActionMask = 2147483647;
			files = (
			);
			inputFileListPaths = (
				"${PODS_ROOT}/Target Support Files/Pods-Screen-Mirroring/Pods-Screen-Mirroring-frameworks-${CONFIGURATION}-input-files.xcfilelist",
			);
			name = "[CP] Embed Pods Frameworks";
			outputFileListPaths = (
				"${PODS_ROOT}/Target Support Files/Pods-Screen-Mirroring/Pods-Screen-Mirroring-frameworks-${CONFIGURATION}-output-files.xcfilelist",
			);
			runOnlyForDeploymentPostprocessing = 0;
			shellPath = /bin/sh;
			shellScript = "\"${PODS_ROOT}/Target Support Files/Pods-Screen-Mirroring/Pods-Screen-Mirroring-frameworks.sh\"\n";
			showEnvVarsInLog = 0;
		};
		84342B9D2C6A5BAE003E7EEA /* ShellScript */ = {
			isa = PBXShellScriptBuildPhase;
			alwaysOutOfDate = 1;
			buildActionMask = 2147483647;
			files = (
			);
			inputFileListPaths = (
			);
			inputPaths = (
			);
			outputFileListPaths = (
			);
			outputPaths = (
				$SRCROOT/R.generated.swift,
			);
			runOnlyForDeploymentPostprocessing = 0;
			shellPath = /bin/sh;
			shellScript = "# Type a script or drag a script file from your workspace to insert its path.\n\"$PODS_ROOT/R.swift/rswift\" generate \"$SRCROOT/R.generated.swift\"\n";
		};
/* End PBXShellScriptBuildPhase section */

/* Begin PBXSourcesBuildPhase section */
		8490DA492C66627D00F44433 /* Sources */ = {
			isa = PBXSourcesBuildPhase;
			buildActionMask = 2147483647;
			files = (
				846FCA182C78E61100B198B0 /* NetworkConnection.swift in Sources */,
				8490DA552C66627D00F44433 /* FirstViewController.swift in Sources */,
				F315039C2C70B4E300C0B13A /* DocumentsViewerController.swift in Sources */,
				F315038D2C70892200C0B13A /* AlbumsViewController.swift in Sources */,
				F31503952C70A54F00C0B13A /* NetworkPermissionHelper.swift in Sources */,
				84579FAB2C78C5DC0082E363 /* PhotoCastCollectionViewCell.swift in Sources */,
				F31503932C709E7300C0B13A /* BaseViewController.swift in Sources */,
				F343A65F2C95948D000258EE /* CustomToolbarView.swift in Sources */,
				84579FB92C78DF630082E363 /* BottomSheetTipsPermitViewController.swift in Sources */,
				F343A65D2C959464000258EE /* DocumentPickerController.swift in Sources */,
				848240A92C666542007C6B9A /* Helpers.swift in Sources */,
				84342BB72C6B559A003E7EEA /* AppReview.swift in Sources */,
				F31503912C708A3100C0B13A /* PhotosViewController.swift in Sources */,
				F343A64D2C9583D0000258EE /* TicTacToeModel.swift in Sources */,
				84342BBC2C6BAE37003E7EEA /* SettingsViewController.swift in Sources */,
				F31503992C70AC3300C0B13A /* WebViewController.swift in Sources */,
				84579FB12C78CBDC0082E363 /* CircleProgressBarView.swift in Sources */,
				84342BB82C6B559A003E7EEA /* UIViewController.swift in Sources */,
				8490DA512C66627D00F44433 /* AppDelegate.swift in Sources */,
				8490DA532C66627D00F44433 /* SceneDelegate.swift in Sources */,
				840AA79E2C90730400EA65A4 /* UIWindow+Additions.swift in Sources */,
				84342B9F2C6A5C01003E7EEA /* R.generated.swift in Sources */,
				844CF87F2C6D2B01007CE780 /* Haptic.swift in Sources */,
				84579FB42C78DC3B0082E363 /* CastCollectionViewExtension.swift in Sources */,
				F315039F2C70D56600C0B13A /* TipsSheetController.swift in Sources */,
				84579FA92C78C5A00082E363 /* VideoCastCollectionViewCell.swift in Sources */,
				846FCA202C78E61100B198B0 /* UIDevice.swift in Sources */,
				846FCA172C78E61100B198B0 /* UIButton.swift in Sources */,
				848240A82C666542007C6B9A /* AuthorizationStatus.swift in Sources */,
				84579FAD2C78C5E50082E363 /* WebCastCollectionViewCell.swift in Sources */,
				F343A64A2C958160000258EE /* TicTacToeViewController.swift in Sources */,
				F315038F2C70894500C0B13A /* MediaViewController.swift in Sources */,
				84579FAF2C78C5F40082E363 /* FilesCastCollectionViewCell.swift in Sources */,
				F343A64F2C9583E4000258EE /* TicTacToeViewModel.swift in Sources */,
			);
			runOnlyForDeploymentPostprocessing = 0;
		};
		8490DA5F2C66627F00F44433 /* Sources */ = {
			isa = PBXSourcesBuildPhase;
			buildActionMask = 2147483647;
			files = (
				8490DA682C66627F00F44433 /* Screen_MirroringTests.swift in Sources */,
			);
			runOnlyForDeploymentPostprocessing = 0;
		};
		8490DA692C66627F00F44433 /* Sources */ = {
			isa = PBXSourcesBuildPhase;
			buildActionMask = 2147483647;
			files = (
				8490DA742C66627F00F44433 /* Screen_MirroringUITestsLaunchTests.swift in Sources */,
				8490DA722C66627F00F44433 /* Screen_MirroringUITests.swift in Sources */,
			);
			runOnlyForDeploymentPostprocessing = 0;
		};
/* End PBXSourcesBuildPhase section */

/* Begin PBXTargetDependency section */
		8490DA652C66627F00F44433 /* PBXTargetDependency */ = {
			isa = PBXTargetDependency;
			target = 8490DA4C2C66627D00F44433 /* Screen-Mirroring */;
			targetProxy = 8490DA642C66627F00F44433 /* PBXContainerItemProxy */;
		};
		8490DA6F2C66627F00F44433 /* PBXTargetDependency */ = {
			isa = PBXTargetDependency;
			target = 8490DA4C2C66627D00F44433 /* Screen-Mirroring */;
			targetProxy = 8490DA6E2C66627F00F44433 /* PBXContainerItemProxy */;
		};
/* End PBXTargetDependency section */

/* Begin PBXVariantGroup section */
		842FC3EB2C97085300CAB045 /* ActionSheet.storyboard */ = {
			isa = PBXVariantGroup;
			children = (
				842FC3EA2C97085300CAB045 /* Base */,
				842FC3EF2C97085700CAB045 /* zh-Hans */,
				842FC3F12C97085800CAB045 /* ja */,
				842FC3F32C97085900CAB045 /* ru */,
				842FC3F52C97085A00CAB045 /* vi */,
			);
			name = ActionSheet.storyboard;
			sourceTree = "<group>";
		};
		8459DD7A2C97082F00CA937B /* Tips.storyboard */ = {
			isa = PBXVariantGroup;
			children = (
				8459DD792C97082F00CA937B /* Base */,
				8459DD7E2C97083800CA937B /* zh-Hans */,
				8459DD802C97083900CA937B /* ja */,
				842FC3E72C97084400CAB045 /* ru */,
				842FC3E92C97084600CAB045 /* vi */,
			);
			name = Tips.storyboard;
			sourceTree = "<group>";
		};
		8490DA562C66627D00F44433 /* First.storyboard */ = {
			isa = PBXVariantGroup;
			children = (
				8490DA572C66627D00F44433 /* Base */,
				8459DD722C97081A00CA937B /* zh-Hans */,
				8459DD742C97081B00CA937B /* ja */,
				8459DD762C97081C00CA937B /* ru */,
				8459DD782C97081D00CA937B /* vi */,
			);
			name = First.storyboard;
			sourceTree = "<group>";
		};
		8490DA5B2C66627E00F44433 /* LaunchScreen.storyboard */ = {
			isa = PBXVariantGroup;
			children = (
				8490DA5C2C66627E00F44433 /* Base */,
			);
			name = LaunchScreen.storyboard;
			sourceTree = "<group>";
		};
		F343A6552C9587D2000258EE /* Localizable.strings */ = {
			isa = PBXVariantGroup;
			children = (
				F343A6562C9587D2000258EE /* en */,
				F343A6582C9590AC000258EE /* ru */,
				F343A6592C95936E000258EE /* ja */,
				F343A65A2C959396000258EE /* zh-Hans */,
				F343A65B2C9593DB000258EE /* vi */,
			);
			name = Localizable.strings;
			sourceTree = "<group>";
		};
/* End PBXVariantGroup section */

/* Begin XCBuildConfiguration section */
		8490DA752C66627F00F44433 /* Debug */ = {
			isa = XCBuildConfiguration;
			buildSettings = {
				ALWAYS_SEARCH_USER_PATHS = NO;
				ASSETCATALOG_COMPILER_GENERATE_SWIFT_ASSET_SYMBOL_EXTENSIONS = YES;
				CLANG_ANALYZER_LOCALIZABILITY_NONLOCALIZED = YES;
				CLANG_ANALYZER_NONNULL = YES;
				CLANG_ANALYZER_NUMBER_OBJECT_CONVERSION = YES_AGGRESSIVE;
				CLANG_CXX_LANGUAGE_STANDARD = "gnu++20";
				CLANG_ENABLE_MODULES = YES;
				CLANG_ENABLE_OBJC_ARC = YES;
				CLANG_ENABLE_OBJC_WEAK = YES;
				CLANG_WARN_BLOCK_CAPTURE_AUTORELEASING = YES;
				CLANG_WARN_BOOL_CONVERSION = YES;
				CLANG_WARN_COMMA = YES;
				CLANG_WARN_CONSTANT_CONVERSION = YES;
				CLANG_WARN_DEPRECATED_OBJC_IMPLEMENTATIONS = YES;
				CLANG_WARN_DIRECT_OBJC_ISA_USAGE = YES_ERROR;
				CLANG_WARN_DOCUMENTATION_COMMENTS = YES;
				CLANG_WARN_EMPTY_BODY = YES;
				CLANG_WARN_ENUM_CONVERSION = YES;
				CLANG_WARN_INFINITE_RECURSION = YES;
				CLANG_WARN_INT_CONVERSION = YES;
				CLANG_WARN_NON_LITERAL_NULL_CONVERSION = YES;
				CLANG_WARN_OBJC_IMPLICIT_RETAIN_SELF = YES;
				CLANG_WARN_OBJC_LITERAL_CONVERSION = YES;
				CLANG_WARN_OBJC_ROOT_CLASS = YES_ERROR;
				CLANG_WARN_QUOTED_INCLUDE_IN_FRAMEWORK_HEADER = YES;
				CLANG_WARN_RANGE_LOOP_ANALYSIS = YES;
				CLANG_WARN_STRICT_PROTOTYPES = YES;
				CLANG_WARN_SUSPICIOUS_MOVE = YES;
				CLANG_WARN_UNGUARDED_AVAILABILITY = YES_AGGRESSIVE;
				CLANG_WARN_UNREACHABLE_CODE = YES;
				CLANG_WARN__DUPLICATE_METHOD_MATCH = YES;
				COPY_PHASE_STRIP = NO;
				DEBUG_INFORMATION_FORMAT = dwarf;
				ENABLE_STRICT_OBJC_MSGSEND = YES;
				ENABLE_TESTABILITY = YES;
				ENABLE_USER_SCRIPT_SANDBOXING = NO;
				GCC_C_LANGUAGE_STANDARD = gnu17;
				GCC_DYNAMIC_NO_PIC = NO;
				GCC_NO_COMMON_BLOCKS = YES;
				GCC_OPTIMIZATION_LEVEL = 0;
				GCC_PREPROCESSOR_DEFINITIONS = (
					"DEBUG=1",
					"$(inherited)",
				);
				GCC_WARN_64_TO_32_BIT_CONVERSION = YES;
				GCC_WARN_ABOUT_RETURN_TYPE = YES_ERROR;
				GCC_WARN_UNDECLARED_SELECTOR = YES;
				GCC_WARN_UNINITIALIZED_AUTOS = YES_AGGRESSIVE;
				GCC_WARN_UNUSED_FUNCTION = YES;
				GCC_WARN_UNUSED_VARIABLE = YES;
				IPHONEOS_DEPLOYMENT_TARGET = 17.5;
				LOCALIZATION_PREFERS_STRING_CATALOGS = YES;
				MTL_ENABLE_DEBUG_INFO = INCLUDE_SOURCE;
				MTL_FAST_MATH = YES;
				ONLY_ACTIVE_ARCH = YES;
				SDKROOT = iphoneos;
				SWIFT_ACTIVE_COMPILATION_CONDITIONS = "DEBUG $(inherited)";
				SWIFT_OPTIMIZATION_LEVEL = "-Onone";
			};
			name = Debug;
		};
		8490DA762C66627F00F44433 /* Release */ = {
			isa = XCBuildConfiguration;
			buildSettings = {
				ALWAYS_SEARCH_USER_PATHS = NO;
				ASSETCATALOG_COMPILER_GENERATE_SWIFT_ASSET_SYMBOL_EXTENSIONS = YES;
				CLANG_ANALYZER_LOCALIZABILITY_NONLOCALIZED = YES;
				CLANG_ANALYZER_NONNULL = YES;
				CLANG_ANALYZER_NUMBER_OBJECT_CONVERSION = YES_AGGRESSIVE;
				CLANG_CXX_LANGUAGE_STANDARD = "gnu++20";
				CLANG_ENABLE_MODULES = YES;
				CLANG_ENABLE_OBJC_ARC = YES;
				CLANG_ENABLE_OBJC_WEAK = YES;
				CLANG_WARN_BLOCK_CAPTURE_AUTORELEASING = YES;
				CLANG_WARN_BOOL_CONVERSION = YES;
				CLANG_WARN_COMMA = YES;
				CLANG_WARN_CONSTANT_CONVERSION = YES;
				CLANG_WARN_DEPRECATED_OBJC_IMPLEMENTATIONS = YES;
				CLANG_WARN_DIRECT_OBJC_ISA_USAGE = YES_ERROR;
				CLANG_WARN_DOCUMENTATION_COMMENTS = YES;
				CLANG_WARN_EMPTY_BODY = YES;
				CLANG_WARN_ENUM_CONVERSION = YES;
				CLANG_WARN_INFINITE_RECURSION = YES;
				CLANG_WARN_INT_CONVERSION = YES;
				CLANG_WARN_NON_LITERAL_NULL_CONVERSION = YES;
				CLANG_WARN_OBJC_IMPLICIT_RETAIN_SELF = YES;
				CLANG_WARN_OBJC_LITERAL_CONVERSION = YES;
				CLANG_WARN_OBJC_ROOT_CLASS = YES_ERROR;
				CLANG_WARN_QUOTED_INCLUDE_IN_FRAMEWORK_HEADER = YES;
				CLANG_WARN_RANGE_LOOP_ANALYSIS = YES;
				CLANG_WARN_STRICT_PROTOTYPES = YES;
				CLANG_WARN_SUSPICIOUS_MOVE = YES;
				CLANG_WARN_UNGUARDED_AVAILABILITY = YES_AGGRESSIVE;
				CLANG_WARN_UNREACHABLE_CODE = YES;
				CLANG_WARN__DUPLICATE_METHOD_MATCH = YES;
				COPY_PHASE_STRIP = NO;
				DEBUG_INFORMATION_FORMAT = "dwarf-with-dsym";
				ENABLE_NS_ASSERTIONS = NO;
				ENABLE_STRICT_OBJC_MSGSEND = YES;
				ENABLE_USER_SCRIPT_SANDBOXING = NO;
				GCC_C_LANGUAGE_STANDARD = gnu17;
				GCC_NO_COMMON_BLOCKS = YES;
				GCC_WARN_64_TO_32_BIT_CONVERSION = YES;
				GCC_WARN_ABOUT_RETURN_TYPE = YES_ERROR;
				GCC_WARN_UNDECLARED_SELECTOR = YES;
				GCC_WARN_UNINITIALIZED_AUTOS = YES_AGGRESSIVE;
				GCC_WARN_UNUSED_FUNCTION = YES;
				GCC_WARN_UNUSED_VARIABLE = YES;
				IPHONEOS_DEPLOYMENT_TARGET = 17.5;
				LOCALIZATION_PREFERS_STRING_CATALOGS = YES;
				MTL_ENABLE_DEBUG_INFO = NO;
				MTL_FAST_MATH = YES;
				SDKROOT = iphoneos;
				SWIFT_COMPILATION_MODE = wholemodule;
				VALIDATE_PRODUCT = YES;
			};
			name = Release;
		};
		8490DA782C66627F00F44433 /* Debug */ = {
			isa = XCBuildConfiguration;
			baseConfigurationReference = 56C4B292A9BB4252A8DF1113 /* Pods-Screen-Mirroring.debug.xcconfig */;
			buildSettings = {
				ASSETCATALOG_COMPILER_APPICON_NAME = AppIcon;
				ASSETCATALOG_COMPILER_GLOBAL_ACCENT_COLOR_NAME = AccentColor;
				CODE_SIGN_ENTITLEMENTS = "Screen-Mirroring/Screen-Mirroring.entitlements";
				CODE_SIGN_STYLE = Automatic;
				CURRENT_PROJECT_VERSION = 1;
				DEVELOPMENT_TEAM = 3X28W92P7Z;
				GENERATE_INFOPLIST_FILE = YES;
				INFOPLIST_FILE = "Screen-Mirroring/Info.plist";
				INFOPLIST_KEY_CFBundleDisplayName = "CPU Check and Mirroring";
				INFOPLIST_KEY_NSLocalNetworkUsageDescription = "Enable local network access to find Cast-enabled devices.";
				INFOPLIST_KEY_NSPhotoLibraryUsageDescription = "Please allow access to Photos to upload your room photos.";
				INFOPLIST_KEY_UIApplicationSupportsIndirectInputEvents = YES;
				INFOPLIST_KEY_UILaunchStoryboardName = LaunchScreen;
				INFOPLIST_KEY_UIMainStoryboardFile = First;
				INFOPLIST_KEY_UISupportedInterfaceOrientations = "UIInterfaceOrientationLandscapeLeft UIInterfaceOrientationLandscapeRight UIInterfaceOrientationPortrait";
				INFOPLIST_KEY_UISupportsDocumentBrowser = YES;
				INFOPLIST_KEY_UIUserInterfaceStyle = Dark;
				LD_RUNPATH_SEARCH_PATHS = (
					"$(inherited)",
					"@executable_path/Frameworks",
				);
				MARKETING_VERSION = 1.0;
				PRODUCT_BUNDLE_IDENTIFIER = guenter.heim.cpuscreen.app;
				PRODUCT_NAME = "$(TARGET_NAME)";
				SWIFT_EMIT_LOC_STRINGS = YES;
				SWIFT_VERSION = 5.0;
				TARGETED_DEVICE_FAMILY = 1;
			};
			name = Debug;
		};
		8490DA792C66627F00F44433 /* Release */ = {
			isa = XCBuildConfiguration;
			baseConfigurationReference = 6E5BEDFB942C220B9FADC2E8 /* Pods-Screen-Mirroring.release.xcconfig */;
			buildSettings = {
				ASSETCATALOG_COMPILER_APPICON_NAME = AppIcon;
				ASSETCATALOG_COMPILER_GLOBAL_ACCENT_COLOR_NAME = AccentColor;
				CODE_SIGN_ENTITLEMENTS = "Screen-Mirroring/Screen-Mirroring.entitlements";
				CODE_SIGN_STYLE = Automatic;
				CURRENT_PROJECT_VERSION = 1;
				DEVELOPMENT_TEAM = 3X28W92P7Z;
				GENERATE_INFOPLIST_FILE = YES;
				INFOPLIST_FILE = "Screen-Mirroring/Info.plist";
				INFOPLIST_KEY_CFBundleDisplayName = "CPU Check and Mirroring";
				INFOPLIST_KEY_NSLocalNetworkUsageDescription = "Enable local network access to find Cast-enabled devices.";
				INFOPLIST_KEY_NSPhotoLibraryUsageDescription = "Please allow access to Photos to upload your room photos.";
				INFOPLIST_KEY_UIApplicationSupportsIndirectInputEvents = YES;
				INFOPLIST_KEY_UILaunchStoryboardName = LaunchScreen;
				INFOPLIST_KEY_UIMainStoryboardFile = First;
				INFOPLIST_KEY_UISupportedInterfaceOrientations = "UIInterfaceOrientationLandscapeLeft UIInterfaceOrientationLandscapeRight UIInterfaceOrientationPortrait";
				INFOPLIST_KEY_UISupportsDocumentBrowser = YES;
				INFOPLIST_KEY_UIUserInterfaceStyle = Dark;
				LD_RUNPATH_SEARCH_PATHS = (
					"$(inherited)",
					"@executable_path/Frameworks",
				);
				MARKETING_VERSION = 1.0;
				PRODUCT_BUNDLE_IDENTIFIER = guenter.heim.cpuscreen.app;
				PRODUCT_NAME = "$(TARGET_NAME)";
				SWIFT_EMIT_LOC_STRINGS = YES;
				SWIFT_VERSION = 5.0;
				TARGETED_DEVICE_FAMILY = 1;
			};
			name = Release;
		};
		8490DA7B2C66627F00F44433 /* Debug */ = {
			isa = XCBuildConfiguration;
			buildSettings = {
				ALWAYS_EMBED_SWIFT_STANDARD_LIBRARIES = YES;
				BUNDLE_LOADER = "$(TEST_HOST)";
				CODE_SIGN_STYLE = Automatic;
				CURRENT_PROJECT_VERSION = 1;
				GENERATE_INFOPLIST_FILE = YES;
				IPHONEOS_DEPLOYMENT_TARGET = 17.5;
				MARKETING_VERSION = 1.0;
				PRODUCT_BUNDLE_IDENTIFIER = "com.dev.Screen-MirroringTests";
				PRODUCT_NAME = "$(TARGET_NAME)";
				SWIFT_EMIT_LOC_STRINGS = NO;
				SWIFT_VERSION = 5.0;
				TARGETED_DEVICE_FAMILY = "1,2";
				TEST_HOST = "$(BUILT_PRODUCTS_DIR)/Screen-Mirroring.app/$(BUNDLE_EXECUTABLE_FOLDER_PATH)/Screen-Mirroring";
			};
			name = Debug;
		};
		8490DA7C2C66627F00F44433 /* Release */ = {
			isa = XCBuildConfiguration;
			buildSettings = {
				ALWAYS_EMBED_SWIFT_STANDARD_LIBRARIES = YES;
				BUNDLE_LOADER = "$(TEST_HOST)";
				CODE_SIGN_STYLE = Automatic;
				CURRENT_PROJECT_VERSION = 1;
				GENERATE_INFOPLIST_FILE = YES;
				IPHONEOS_DEPLOYMENT_TARGET = 17.5;
				MARKETING_VERSION = 1.0;
				PRODUCT_BUNDLE_IDENTIFIER = "com.dev.Screen-MirroringTests";
				PRODUCT_NAME = "$(TARGET_NAME)";
				SWIFT_EMIT_LOC_STRINGS = NO;
				SWIFT_VERSION = 5.0;
				TARGETED_DEVICE_FAMILY = "1,2";
				TEST_HOST = "$(BUILT_PRODUCTS_DIR)/Screen-Mirroring.app/$(BUNDLE_EXECUTABLE_FOLDER_PATH)/Screen-Mirroring";
			};
			name = Release;
		};
		8490DA7E2C66627F00F44433 /* Debug */ = {
			isa = XCBuildConfiguration;
			buildSettings = {
				ALWAYS_EMBED_SWIFT_STANDARD_LIBRARIES = YES;
				CODE_SIGN_STYLE = Automatic;
				CURRENT_PROJECT_VERSION = 1;
				GENERATE_INFOPLIST_FILE = YES;
				MARKETING_VERSION = 1.0;
				PRODUCT_BUNDLE_IDENTIFIER = "com.dev.Screen-MirroringUITests";
				PRODUCT_NAME = "$(TARGET_NAME)";
				SWIFT_EMIT_LOC_STRINGS = NO;
				SWIFT_VERSION = 5.0;
				TARGETED_DEVICE_FAMILY = "1,2";
				TEST_TARGET_NAME = "Screen-Mirroring";
			};
			name = Debug;
		};
		8490DA7F2C66627F00F44433 /* Release */ = {
			isa = XCBuildConfiguration;
			buildSettings = {
				ALWAYS_EMBED_SWIFT_STANDARD_LIBRARIES = YES;
				CODE_SIGN_STYLE = Automatic;
				CURRENT_PROJECT_VERSION = 1;
				GENERATE_INFOPLIST_FILE = YES;
				MARKETING_VERSION = 1.0;
				PRODUCT_BUNDLE_IDENTIFIER = "com.dev.Screen-MirroringUITests";
				PRODUCT_NAME = "$(TARGET_NAME)";
				SWIFT_EMIT_LOC_STRINGS = NO;
				SWIFT_VERSION = 5.0;
				TARGETED_DEVICE_FAMILY = "1,2";
				TEST_TARGET_NAME = "Screen-Mirroring";
			};
			name = Release;
		};
/* End XCBuildConfiguration section */

/* Begin XCConfigurationList section */
		8490DA482C66627D00F44433 /* Build configuration list for PBXProject "Screen-Mirroring" */ = {
			isa = XCConfigurationList;
			buildConfigurations = (
				8490DA752C66627F00F44433 /* Debug */,
				8490DA762C66627F00F44433 /* Release */,
			);
			defaultConfigurationIsVisible = 0;
			defaultConfigurationName = Release;
		};
		8490DA772C66627F00F44433 /* Build configuration list for PBXNativeTarget "Screen-Mirroring" */ = {
			isa = XCConfigurationList;
			buildConfigurations = (
				8490DA782C66627F00F44433 /* Debug */,
				8490DA792C66627F00F44433 /* Release */,
			);
			defaultConfigurationIsVisible = 0;
			defaultConfigurationName = Release;
		};
		8490DA7A2C66627F00F44433 /* Build configuration list for PBXNativeTarget "Screen-MirroringTests" */ = {
			isa = XCConfigurationList;
			buildConfigurations = (
				8490DA7B2C66627F00F44433 /* Debug */,
				8490DA7C2C66627F00F44433 /* Release */,
			);
			defaultConfigurationIsVisible = 0;
			defaultConfigurationName = Release;
		};
		8490DA7D2C66627F00F44433 /* Build configuration list for PBXNativeTarget "Screen-MirroringUITests" */ = {
			isa = XCConfigurationList;
			buildConfigurations = (
				8490DA7E2C66627F00F44433 /* Debug */,
				8490DA7F2C66627F00F44433 /* Release */,
			);
			defaultConfigurationIsVisible = 0;
			defaultConfigurationName = Release;
		};
/* End XCConfigurationList section */
	};
	rootObject = 8490DA452C66627D00F44433 /* Project object */;
}
